// !$*UTF8*$!
{
	archiveVersion = 1;
	classes = {
	};
	objectVersion = 46;
	objects = {

/* Begin PBXBuildFile section */
		B906DB741D5D80170021B025 /* Default-568h@2x.png in Resources */ = {isa = PBXBuildFile; fileRef = B906DB731D5D80170021B025 /* Default-568h@2x.png */; };
		B906DB7B1D66DD8D0021B025 /* FoodCategoriesViewController.swift in Sources */ = {isa = PBXBuildFile; fileRef = B906DB7A1D66DD8D0021B025 /* FoodCategoriesViewController.swift */; };
		B906DB831D6990A60021B025 /* LocationsTableViewController.swift in Sources */ = {isa = PBXBuildFile; fileRef = B906DB821D6990A60021B025 /* LocationsTableViewController.swift */; };
		B906DB891D6AD0530021B025 /* GetNearbyBusinesses.swift in Sources */ = {isa = PBXBuildFile; fileRef = B906DB881D6AD0530021B025 /* GetNearbyBusinesses.swift */; };
		B906DB8F1D6C0D760021B025 /* FoodCategoriesTableViewCell.swift in Sources */ = {isa = PBXBuildFile; fileRef = B906DB8E1D6C0D760021B025 /* FoodCategoriesTableViewCell.swift */; };
		B906DB971D6C37260021B025 /* RatingControl.swift in Sources */ = {isa = PBXBuildFile; fileRef = B906DB961D6C37260021B025 /* RatingControl.swift */; };
		B906DB991D6C3DBC0021B025 /* FoodCategories.swift in Sources */ = {isa = PBXBuildFile; fileRef = B906DB981D6C3DBC0021B025 /* FoodCategories.swift */; };
		B906DB9E1D6ED7A60021B025 /* CurrentPlace.swift in Sources */ = {isa = PBXBuildFile; fileRef = B906DB9D1D6ED7A60021B025 /* CurrentPlace.swift */; };
		B906DBA11D72729A0021B025 /* TimeViewController.swift in Sources */ = {isa = PBXBuildFile; fileRef = B906DBA01D72729A0021B025 /* TimeViewController.swift */; };
		B906DBA31D727DCA0021B025 /* UrlQueryParameters.swift in Sources */ = {isa = PBXBuildFile; fileRef = B906DBA21D727DCA0021B025 /* UrlQueryParameters.swift */; };
		B906DBA61D728CAC0021B025 /* RatingViewController.swift in Sources */ = {isa = PBXBuildFile; fileRef = B906DBA51D728CAC0021B025 /* RatingViewController.swift */; };
		B906DBA81D756B820021B025 /* PickedBusinessLocation.swift in Sources */ = {isa = PBXBuildFile; fileRef = B906DBA71D756B820021B025 /* PickedBusinessLocation.swift */; };
		B906DBAA1D757CC00021B025 /* GoogleMapViewController.swift in Sources */ = {isa = PBXBuildFile; fileRef = B906DBA91D757CC00021B025 /* GoogleMapViewController.swift */; };
		B906DBAC1D76BAF80021B025 /* GetDirection.swift in Sources */ = {isa = PBXBuildFile; fileRef = B906DBAB1D76BAF80021B025 /* GetDirection.swift */; };
		B91AC8571D4EAC4600B0476E /* AppDelegate.swift in Sources */ = {isa = PBXBuildFile; fileRef = B91AC8561D4EAC4600B0476E /* AppDelegate.swift */; };
		B91AC8591D4EAC4600B0476E /* SlotMachineViewController.swift in Sources */ = {isa = PBXBuildFile; fileRef = B91AC8581D4EAC4600B0476E /* SlotMachineViewController.swift */; };
		B91AC85C1D4EAC4600B0476E /* Main.storyboard in Resources */ = {isa = PBXBuildFile; fileRef = B91AC85A1D4EAC4600B0476E /* Main.storyboard */; };
		B91AC85E1D4EAC4600B0476E /* Assets.xcassets in Resources */ = {isa = PBXBuildFile; fileRef = B91AC85D1D4EAC4600B0476E /* Assets.xcassets */; };
		B91AC8611D4EAC4600B0476E /* LaunchScreen.storyboard in Resources */ = {isa = PBXBuildFile; fileRef = B91AC85F1D4EAC4600B0476E /* LaunchScreen.storyboard */; };
		BD1DDF19347483F34E76FEB5 /* libPods-randomRestaurant.a in Frameworks */ = {isa = PBXBuildFile; fileRef = BA55DAE3FD7017F1DFC412C5 /* libPods-randomRestaurant.a */; };
/* End PBXBuildFile section */

/* Begin PBXFileReference section */
		A5CEEFFD83C11D5C4928E23A /* Pods-randomRestaurant.release.xcconfig */ = {isa = PBXFileReference; includeInIndex = 1; lastKnownFileType = text.xcconfig; name = "Pods-randomRestaurant.release.xcconfig"; path = "Pods/Target Support Files/Pods-randomRestaurant/Pods-randomRestaurant.release.xcconfig"; sourceTree = "<group>"; };
		B253D8D0E02E0864ACF7B4A8 /* Pods-randomRestaurant.debug.xcconfig */ = {isa = PBXFileReference; includeInIndex = 1; lastKnownFileType = text.xcconfig; name = "Pods-randomRestaurant.debug.xcconfig"; path = "Pods/Target Support Files/Pods-randomRestaurant/Pods-randomRestaurant.debug.xcconfig"; sourceTree = "<group>"; };
		B906DB731D5D80170021B025 /* Default-568h@2x.png */ = {isa = PBXFileReference; lastKnownFileType = image.png; name = "Default-568h@2x.png"; path = "../Default-568h@2x.png"; sourceTree = "<group>"; };
		B906DB7A1D66DD8D0021B025 /* FoodCategoriesViewController.swift */ = {isa = PBXFileReference; fileEncoding = 4; lastKnownFileType = sourcecode.swift; path = FoodCategoriesViewController.swift; sourceTree = "<group>"; };
		B906DB821D6990A60021B025 /* LocationsTableViewController.swift */ = {isa = PBXFileReference; fileEncoding = 4; lastKnownFileType = sourcecode.swift; path = LocationsTableViewController.swift; sourceTree = "<group>"; };
		B906DB881D6AD0530021B025 /* GetNearbyBusinesses.swift */ = {isa = PBXFileReference; fileEncoding = 4; lastKnownFileType = sourcecode.swift; path = GetNearbyBusinesses.swift; sourceTree = "<group>"; };
		B906DB8E1D6C0D760021B025 /* FoodCategoriesTableViewCell.swift */ = {isa = PBXFileReference; fileEncoding = 4; lastKnownFileType = sourcecode.swift; path = FoodCategoriesTableViewCell.swift; sourceTree = "<group>"; };
		B906DB961D6C37260021B025 /* RatingControl.swift */ = {isa = PBXFileReference; fileEncoding = 4; lastKnownFileType = sourcecode.swift; path = RatingControl.swift; sourceTree = "<group>"; };
		B906DB981D6C3DBC0021B025 /* FoodCategories.swift */ = {isa = PBXFileReference; fileEncoding = 4; lastKnownFileType = sourcecode.swift; path = FoodCategories.swift; sourceTree = "<group>"; };
		B906DB9D1D6ED7A60021B025 /* CurrentPlace.swift */ = {isa = PBXFileReference; fileEncoding = 4; lastKnownFileType = sourcecode.swift; path = CurrentPlace.swift; sourceTree = "<group>"; };
		B906DBA01D72729A0021B025 /* TimeViewController.swift */ = {isa = PBXFileReference; fileEncoding = 4; lastKnownFileType = sourcecode.swift; path = TimeViewController.swift; sourceTree = "<group>"; };
		B906DBA21D727DCA0021B025 /* UrlQueryParameters.swift */ = {isa = PBXFileReference; fileEncoding = 4; lastKnownFileType = sourcecode.swift; path = UrlQueryParameters.swift; sourceTree = "<group>"; };
		B906DBA51D728CAC0021B025 /* RatingViewController.swift */ = {isa = PBXFileReference; fileEncoding = 4; lastKnownFileType = sourcecode.swift; path = RatingViewController.swift; sourceTree = "<group>"; };
		B906DBA71D756B820021B025 /* PickedBusinessLocation.swift */ = {isa = PBXFileReference; fileEncoding = 4; lastKnownFileType = sourcecode.swift; path = PickedBusinessLocation.swift; sourceTree = "<group>"; };
		B906DBA91D757CC00021B025 /* GoogleMapViewController.swift */ = {isa = PBXFileReference; fileEncoding = 4; lastKnownFileType = sourcecode.swift; path = GoogleMapViewController.swift; sourceTree = "<group>"; };
		B906DBAB1D76BAF80021B025 /* GetDirection.swift */ = {isa = PBXFileReference; fileEncoding = 4; lastKnownFileType = sourcecode.swift; path = GetDirection.swift; sourceTree = "<group>"; };
		B91AC8531D4EAC4600B0476E /* randomRestaurant.app */ = {isa = PBXFileReference; explicitFileType = wrapper.application; includeInIndex = 0; path = randomRestaurant.app; sourceTree = BUILT_PRODUCTS_DIR; };
		B91AC8561D4EAC4600B0476E /* AppDelegate.swift */ = {isa = PBXFileReference; lastKnownFileType = sourcecode.swift; path = AppDelegate.swift; sourceTree = "<group>"; };
		B91AC8581D4EAC4600B0476E /* SlotMachineViewController.swift */ = {isa = PBXFileReference; lastKnownFileType = sourcecode.swift; path = SlotMachineViewController.swift; sourceTree = "<group>"; };
		B91AC85B1D4EAC4600B0476E /* Base */ = {isa = PBXFileReference; lastKnownFileType = file.storyboard; name = Base; path = Base.lproj/Main.storyboard; sourceTree = "<group>"; };
		B91AC85D1D4EAC4600B0476E /* Assets.xcassets */ = {isa = PBXFileReference; lastKnownFileType = folder.assetcatalog; path = Assets.xcassets; sourceTree = "<group>"; };
		B91AC8601D4EAC4600B0476E /* Base */ = {isa = PBXFileReference; lastKnownFileType = file.storyboard; name = Base; path = Base.lproj/LaunchScreen.storyboard; sourceTree = "<group>"; };
		B91AC8621D4EAC4600B0476E /* Info.plist */ = {isa = PBXFileReference; lastKnownFileType = text.plist.xml; path = Info.plist; sourceTree = "<group>"; };
		BA55DAE3FD7017F1DFC412C5 /* libPods-randomRestaurant.a */ = {isa = PBXFileReference; explicitFileType = archive.ar; includeInIndex = 0; path = "libPods-randomRestaurant.a"; sourceTree = BUILT_PRODUCTS_DIR; };
/* End PBXFileReference section */

/* Begin PBXFrameworksBuildPhase section */
		B91AC8501D4EAC4600B0476E /* Frameworks */ = {
			isa = PBXFrameworksBuildPhase;
			buildActionMask = 2147483647;
			files = (
				BD1DDF19347483F34E76FEB5 /* libPods-randomRestaurant.a in Frameworks */,
			);
			runOnlyForDeploymentPostprocessing = 0;
		};
/* End PBXFrameworksBuildPhase section */

/* Begin PBXGroup section */
		9806CD1560404FB89B0E505A /* Frameworks */ = {
			isa = PBXGroup;
			children = (
				BA55DAE3FD7017F1DFC412C5 /* libPods-randomRestaurant.a */,
			);
			name = Frameworks;
			sourceTree = "<group>";
		};
		B906DB751D5D80B10021B025 /* SlotMachine */ = {
			isa = PBXGroup;
			children = (
				B906DB881D6AD0530021B025 /* GetNearbyBusinesses.swift */,
				B91AC8581D4EAC4600B0476E /* SlotMachineViewController.swift */,
				B906DBA71D756B820021B025 /* PickedBusinessLocation.swift */,
				B906DBA21D727DCA0021B025 /* UrlQueryParameters.swift */,
			);
			name = SlotMachine;
			sourceTree = "<group>";
		};
		B906DB761D5D80F20021B025 /* Map */ = {
			isa = PBXGroup;
			children = (
				B906DBA91D757CC00021B025 /* GoogleMapViewController.swift */,
				B906DBAB1D76BAF80021B025 /* GetDirection.swift */,
			);
			name = Map;
			sourceTree = "<group>";
		};
		B906DB791D66DCCA0021B025 /* FoodCategories */ = {
			isa = PBXGroup;
			children = (
				B906DB7A1D66DD8D0021B025 /* FoodCategoriesViewController.swift */,
				B906DB8E1D6C0D760021B025 /* FoodCategoriesTableViewCell.swift */,
				B906DB981D6C3DBC0021B025 /* FoodCategories.swift */,
			);
			name = FoodCategories;
			sourceTree = "<group>";
		};
		B906DB7F1D698E630021B025 /* Locations */ = {
			isa = PBXGroup;
			children = (
				B906DB821D6990A60021B025 /* LocationsTableViewController.swift */,
				B906DB9D1D6ED7A60021B025 /* CurrentPlace.swift */,
			);
			name = Locations;
			sourceTree = "<group>";
		};
		B906DB9F1D7272850021B025 /* Time */ = {
			isa = PBXGroup;
			children = (
				B906DBA01D72729A0021B025 /* TimeViewController.swift */,
			);
			name = Time;
			sourceTree = "<group>";
		};
		B906DBA41D728C880021B025 /* Rating */ = {
			isa = PBXGroup;
			children = (
				B906DBA51D728CAC0021B025 /* RatingViewController.swift */,
				B906DB961D6C37260021B025 /* RatingControl.swift */,
			);
			name = Rating;
			sourceTree = "<group>";
		};
		B91AC84A1D4EAC4600B0476E = {
			isa = PBXGroup;
			children = (
				B91AC8551D4EAC4600B0476E /* randomRestaurant */,
				B91AC8541D4EAC4600B0476E /* Products */,
				D19EF44F0B4595709F1C3F5C /* Pods */,
				9806CD1560404FB89B0E505A /* Frameworks */,
			);
			sourceTree = "<group>";
		};
		B91AC8541D4EAC4600B0476E /* Products */ = {
			isa = PBXGroup;
			children = (
				B91AC8531D4EAC4600B0476E /* randomRestaurant.app */,
			);
			name = Products;
			sourceTree = "<group>";
		};
		B91AC8551D4EAC4600B0476E /* randomRestaurant */ = {
			isa = PBXGroup;
			children = (
				B906DBA41D728C880021B025 /* Rating */,
				B906DB9F1D7272850021B025 /* Time */,
				B906DB7F1D698E630021B025 /* Locations */,
				B906DB791D66DCCA0021B025 /* FoodCategories */,
				B906DB761D5D80F20021B025 /* Map */,
				B906DB751D5D80B10021B025 /* SlotMachine */,
				B91AC8561D4EAC4600B0476E /* AppDelegate.swift */,
				B91AC85A1D4EAC4600B0476E /* Main.storyboard */,
				B906DB731D5D80170021B025 /* Default-568h@2x.png */,
				B91AC85D1D4EAC4600B0476E /* Assets.xcassets */,
				B91AC85F1D4EAC4600B0476E /* LaunchScreen.storyboard */,
				B91AC8621D4EAC4600B0476E /* Info.plist */,
			);
			path = randomRestaurant;
			sourceTree = "<group>";
		};
		D19EF44F0B4595709F1C3F5C /* Pods */ = {
			isa = PBXGroup;
			children = (
				B253D8D0E02E0864ACF7B4A8 /* Pods-randomRestaurant.debug.xcconfig */,
				A5CEEFFD83C11D5C4928E23A /* Pods-randomRestaurant.release.xcconfig */,
			);
			name = Pods;
			sourceTree = "<group>";
		};
/* End PBXGroup section */

/* Begin PBXNativeTarget section */
		B91AC8521D4EAC4600B0476E /* randomRestaurant */ = {
			isa = PBXNativeTarget;
			buildConfigurationList = B91AC8651D4EAC4600B0476E /* Build configuration list for PBXNativeTarget "randomRestaurant" */;
			buildPhases = (
				057A46EC0BF474A40D6B991D /* [CP] Check Pods Manifest.lock */,
				B91AC84F1D4EAC4600B0476E /* Sources */,
				B91AC8501D4EAC4600B0476E /* Frameworks */,
				B91AC8511D4EAC4600B0476E /* Resources */,
				D336D7263F52F8E9AB79BD31 /* [CP] Embed Pods Frameworks */,
				3763DC2D13742E662CEE110A /* [CP] Copy Pods Resources */,
			);
			buildRules = (
			);
			dependencies = (
			);
			name = randomRestaurant;
			productName = randomRestaurant;
			productReference = B91AC8531D4EAC4600B0476E /* randomRestaurant.app */;
			productType = "com.apple.product-type.application";
		};
/* End PBXNativeTarget section */

/* Begin PBXProject section */
		B91AC84B1D4EAC4600B0476E /* Project object */ = {
			isa = PBXProject;
			attributes = {
				LastSwiftUpdateCheck = 0730;
				LastUpgradeCheck = 0730;
				ORGANIZATIONNAME = "Zhe Cui";
				TargetAttributes = {
					B91AC8521D4EAC4600B0476E = {
						CreatedOnToolsVersion = 7.3.1;
					};
				};
			};
			buildConfigurationList = B91AC84E1D4EAC4600B0476E /* Build configuration list for PBXProject "randomRestaurant" */;
			compatibilityVersion = "Xcode 3.2";
			developmentRegion = English;
			hasScannedForEncodings = 0;
			knownRegions = (
				en,
				Base,
			);
			mainGroup = B91AC84A1D4EAC4600B0476E;
			productRefGroup = B91AC8541D4EAC4600B0476E /* Products */;
			projectDirPath = "";
			projectRoot = "";
			targets = (
				B91AC8521D4EAC4600B0476E /* randomRestaurant */,
			);
		};
/* End PBXProject section */

/* Begin PBXResourcesBuildPhase section */
		B91AC8511D4EAC4600B0476E /* Resources */ = {
			isa = PBXResourcesBuildPhase;
			buildActionMask = 2147483647;
			files = (
				B91AC8611D4EAC4600B0476E /* LaunchScreen.storyboard in Resources */,
				B906DB741D5D80170021B025 /* Default-568h@2x.png in Resources */,
				B91AC85E1D4EAC4600B0476E /* Assets.xcassets in Resources */,
				B91AC85C1D4EAC4600B0476E /* Main.storyboard in Resources */,
			);
			runOnlyForDeploymentPostprocessing = 0;
		};
/* End PBXResourcesBuildPhase section */

/* Begin PBXShellScriptBuildPhase section */
		057A46EC0BF474A40D6B991D /* [CP] Check Pods Manifest.lock */ = {
			isa = PBXShellScriptBuildPhase;
			buildActionMask = 2147483647;
			files = (
			);
			inputPaths = (
			);
			name = "[CP] Check Pods Manifest.lock";
			outputPaths = (
			);
			runOnlyForDeploymentPostprocessing = 0;
			shellPath = /bin/sh;
			shellScript = "diff \"${PODS_ROOT}/../Podfile.lock\" \"${PODS_ROOT}/Manifest.lock\" > /dev/null\nif [[ $? != 0 ]] ; then\n    cat << EOM\nerror: The sandbox is not in sync with the Podfile.lock. Run 'pod install' or update your CocoaPods installation.\nEOM\n    exit 1\nfi\n";
			showEnvVarsInLog = 0;
		};
		3763DC2D13742E662CEE110A /* [CP] Copy Pods Resources */ = {
			isa = PBXShellScriptBuildPhase;
			buildActionMask = 2147483647;
			files = (
			);
			inputPaths = (
			);
			name = "[CP] Copy Pods Resources";
			outputPaths = (
			);
			runOnlyForDeploymentPostprocessing = 0;
			shellPath = /bin/sh;
			shellScript = "\"${SRCROOT}/Pods/Target Support Files/Pods-randomRestaurant/Pods-randomRestaurant-resources.sh\"\n";
			showEnvVarsInLog = 0;
		};
		D336D7263F52F8E9AB79BD31 /* [CP] Embed Pods Frameworks */ = {
			isa = PBXShellScriptBuildPhase;
			buildActionMask = 2147483647;
			files = (
			);
			inputPaths = (
			);
			name = "[CP] Embed Pods Frameworks";
			outputPaths = (
			);
			runOnlyForDeploymentPostprocessing = 0;
			shellPath = /bin/sh;
			shellScript = "\"${SRCROOT}/Pods/Target Support Files/Pods-randomRestaurant/Pods-randomRestaurant-frameworks.sh\"\n";
			showEnvVarsInLog = 0;
		};
/* End PBXShellScriptBuildPhase section */

/* Begin PBXSourcesBuildPhase section */
		B91AC84F1D4EAC4600B0476E /* Sources */ = {
			isa = PBXSourcesBuildPhase;
			buildActionMask = 2147483647;
			files = (
				B906DB831D6990A60021B025 /* LocationsTableViewController.swift in Sources */,
				B906DB971D6C37260021B025 /* RatingControl.swift in Sources */,
				B91AC8591D4EAC4600B0476E /* SlotMachineViewController.swift in Sources */,
				B906DB8F1D6C0D760021B025 /* FoodCategoriesTableViewCell.swift in Sources */,
				B906DB7B1D66DD8D0021B025 /* FoodCategoriesViewController.swift in Sources */,
				B91AC8571D4EAC4600B0476E /* AppDelegate.swift in Sources */,
				B906DBA31D727DCA0021B025 /* UrlQueryParameters.swift in Sources */,
				B906DBAA1D757CC00021B025 /* GoogleMapViewController.swift in Sources */,
				B906DB9E1D6ED7A60021B025 /* CurrentPlace.swift in Sources */,
				B906DBAC1D76BAF80021B025 /* GetDirection.swift in Sources */,
				B906DBA61D728CAC0021B025 /* RatingViewController.swift in Sources */,
				B906DB991D6C3DBC0021B025 /* FoodCategories.swift in Sources */,
				B906DBA81D756B820021B025 /* PickedBusinessLocation.swift in Sources */,
				B906DBA11D72729A0021B025 /* TimeViewController.swift in Sources */,
				B906DB891D6AD0530021B025 /* GetNearbyBusinesses.swift in Sources */,
			);
			runOnlyForDeploymentPostprocessing = 0;
		};
/* End PBXSourcesBuildPhase section */

/* Begin PBXVariantGroup section */
		B91AC85A1D4EAC4600B0476E /* Main.storyboard */ = {
			isa = PBXVariantGroup;
			children = (
				B91AC85B1D4EAC4600B0476E /* Base */,
			);
			name = Main.storyboard;
			sourceTree = "<group>";
		};
		B91AC85F1D4EAC4600B0476E /* LaunchScreen.storyboard */ = {
			isa = PBXVariantGroup;
			children = (
				B91AC8601D4EAC4600B0476E /* Base */,
			);
			name = LaunchScreen.storyboard;
			sourceTree = "<group>";
		};
/* End PBXVariantGroup section */

/* Begin XCBuildConfiguration section */
		B91AC8631D4EAC4600B0476E /* Debug */ = {
			isa = XCBuildConfiguration;
			buildSettings = {
				ALWAYS_SEARCH_USER_PATHS = NO;
				CLANG_ANALYZER_NONNULL = YES;
				CLANG_CXX_LANGUAGE_STANDARD = "gnu++0x";
				CLANG_CXX_LIBRARY = "libc++";
				CLANG_ENABLE_MODULES = YES;
				CLANG_ENABLE_OBJC_ARC = YES;
				CLANG_WARN_BOOL_CONVERSION = YES;
				CLANG_WARN_CONSTANT_CONVERSION = YES;
				CLANG_WARN_DIRECT_OBJC_ISA_USAGE = YES_ERROR;
				CLANG_WARN_EMPTY_BODY = YES;
				CLANG_WARN_ENUM_CONVERSION = YES;
				CLANG_WARN_INT_CONVERSION = YES;
				CLANG_WARN_OBJC_ROOT_CLASS = YES_ERROR;
				CLANG_WARN_UNREACHABLE_CODE = YES;
				CLANG_WARN__DUPLICATE_METHOD_MATCH = YES;
				"CODE_SIGN_IDENTITY[sdk=iphoneos*]" = "iPhone Developer";
				COPY_PHASE_STRIP = NO;
				DEBUG_INFORMATION_FORMAT = dwarf;
				ENABLE_STRICT_OBJC_MSGSEND = YES;
				ENABLE_TESTABILITY = YES;
				GCC_C_LANGUAGE_STANDARD = gnu99;
				GCC_DYNAMIC_NO_PIC = NO;
				GCC_NO_COMMON_BLOCKS = YES;
				GCC_OPTIMIZATION_LEVEL = 0;
				GCC_PREPROCESSOR_DEFINITIONS = (
					"DEBUG=1",
					"$(inherited)",
				);
				GCC_WARN_64_TO_32_BIT_CONVERSION = YES;
				GCC_WARN_ABOUT_RETURN_TYPE = YES_ERROR;
				GCC_WARN_UNDECLARED_SELECTOR = YES;
				GCC_WARN_UNINITIALIZED_AUTOS = YES_AGGRESSIVE;
				GCC_WARN_UNUSED_FUNCTION = YES;
				GCC_WARN_UNUSED_VARIABLE = YES;
				IPHONEOS_DEPLOYMENT_TARGET = 9.3;
				MTL_ENABLE_DEBUG_INFO = YES;
				ONLY_ACTIVE_ARCH = YES;
				SDKROOT = iphoneos;
				SWIFT_OPTIMIZATION_LEVEL = "-Onone";
				TARGETED_DEVICE_FAMILY = "1,2";
			};
			name = Debug;
		};
		B91AC8641D4EAC4600B0476E /* Release */ = {
			isa = XCBuildConfiguration;
			buildSettings = {
				ALWAYS_SEARCH_USER_PATHS = NO;
				CLANG_ANALYZER_NONNULL = YES;
				CLANG_CXX_LANGUAGE_STANDARD = "gnu++0x";
				CLANG_CXX_LIBRARY = "libc++";
				CLANG_ENABLE_MODULES = YES;
				CLANG_ENABLE_OBJC_ARC = YES;
				CLANG_WARN_BOOL_CONVERSION = YES;
				CLANG_WARN_CONSTANT_CONVERSION = YES;
				CLANG_WARN_DIRECT_OBJC_ISA_USAGE = YES_ERROR;
				CLANG_WARN_EMPTY_BODY = YES;
				CLANG_WARN_ENUM_CONVERSION = YES;
				CLANG_WARN_INT_CONVERSION = YES;
				CLANG_WARN_OBJC_ROOT_CLASS = YES_ERROR;
				CLANG_WARN_UNREACHABLE_CODE = YES;
				CLANG_WARN__DUPLICATE_METHOD_MATCH = YES;
				"CODE_SIGN_IDENTITY[sdk=iphoneos*]" = "iPhone Developer";
				COPY_PHASE_STRIP = NO;
				DEBUG_INFORMATION_FORMAT = "dwarf-with-dsym";
				ENABLE_NS_ASSERTIONS = NO;
				ENABLE_STRICT_OBJC_MSGSEND = YES;
				GCC_C_LANGUAGE_STANDARD = gnu99;
				GCC_NO_COMMON_BLOCKS = YES;
				GCC_WARN_64_TO_32_BIT_CONVERSION = YES;
				GCC_WARN_ABOUT_RETURN_TYPE = YES_ERROR;
				GCC_WARN_UNDECLARED_SELECTOR = YES;
				GCC_WARN_UNINITIALIZED_AUTOS = YES_AGGRESSIVE;
				GCC_WARN_UNUSED_FUNCTION = YES;
				GCC_WARN_UNUSED_VARIABLE = YES;
				IPHONEOS_DEPLOYMENT_TARGET = 9.3;
				MTL_ENABLE_DEBUG_INFO = NO;
				SDKROOT = iphoneos;
				TARGETED_DEVICE_FAMILY = "1,2";
				VALIDATE_PRODUCT = YES;
			};
			name = Release;
		};
		B91AC8661D4EAC4600B0476E /* Debug */ = {
			isa = XCBuildConfiguration;
			baseConfigurationReference = B253D8D0E02E0864ACF7B4A8 /* Pods-randomRestaurant.debug.xcconfig */;
			buildSettings = {
				ASSETCATALOG_COMPILER_APPICON_NAME = AppIcon;
				INFOPLIST_FILE = randomRestaurant/Info.plist;
				LD_RUNPATH_SEARCH_PATHS = "$(inherited) @executable_path/Frameworks";
				PRODUCT_BUNDLE_IDENTIFIER = com.zhecui.randomRestaurant;
				PRODUCT_NAME = "$(TARGET_NAME)";
			};
			name = Debug;
		};
		B91AC8671D4EAC4600B0476E /* Release */ = {
			isa = XCBuildConfiguration;
			baseConfigurationReference = A5CEEFFD83C11D5C4928E23A /* Pods-randomRestaurant.release.xcconfig */;
			buildSettings = {
				ASSETCATALOG_COMPILER_APPICON_NAME = AppIcon;
				INFOPLIST_FILE = randomRestaurant/Info.plist;
				LD_RUNPATH_SEARCH_PATHS = "$(inherited) @executable_path/Frameworks";
				PRODUCT_BUNDLE_IDENTIFIER = com.zhecui.randomRestaurant;
				PRODUCT_NAME = "$(TARGET_NAME)";
			};
			name = Release;
		};
/* End XCBuildConfiguration section */

/* Begin XCConfigurationList section */
		B91AC84E1D4EAC4600B0476E /* Build configuration list for PBXProject "randomRestaurant" */ = {
			isa = XCConfigurationList;
			buildConfigurations = (
				B91AC8631D4EAC4600B0476E /* Debug */,
				B91AC8641D4EAC4600B0476E /* Release */,
			);
			defaultConfigurationIsVisible = 0;
			defaultConfigurationName = Release;
		};
		B91AC8651D4EAC4600B0476E /* Build configuration list for PBXNativeTarget "randomRestaurant" */ = {
			isa = XCConfigurationList;
			buildConfigurations = (
				B91AC8661D4EAC4600B0476E /* Debug */,
				B91AC8671D4EAC4600B0476E /* Release */,
			);
			defaultConfigurationIsVisible = 0;
			defaultConfigurationName = Release;
		};
/* End XCConfigurationList section */
	};
	rootObject = B91AC84B1D4EAC4600B0476E /* Project object */;
}
